{
  "requires": true,
  "lockfileVersion": 1,
  "dependencies": {
    "alertifyjs": {
      "version": "1.12.0",
      "resolved": "https://registry.npmjs.org/alertifyjs/-/alertifyjs-1.12.0.tgz",
      "integrity": "sha512-BWEFsLhPM1MBEAQ6jFATNO8ESCh1LDZzUslJ2g/E6NnI3QfyfIvpCuw07SiUQy59E6HSsdb8c5RgqiOwTcRQ2Q=="
    }
  }
}
